
Microsoft Visual Studio Solution File, Format Version 12.00
# Visual Studio Version 17
VisualStudioVersion = 17.0.31903.59
MinimumVisualStudioVersion = 10.0.40219.1
Project("{FAE04EC0-301F-11D3-BF4B-00C04F79EFBC}") = "MovieReservation.Api", "MovieReservation.Api\MovieReservation.Api.csproj", "{8BB0574D-B9D2-47F6-8DA8-3292F152EF42}"
EndProject
Project("{FAE04EC0-301F-11D3-BF4B-00C04F79EFBC}") = "MovieReservation.Core", "MovieReservation.Core\MovieReservation.Core.csproj", "{7356B067-2CFB-4405-B2AC-8934265E82B2}"
EndProject
Project("{FAE04EC0-301F-11D3-BF4B-00C04F79EFBC}") = "MovieReservation.Infrastructure", "MovieReservation.Infrastructure\MovieReservation.Infrastructure.csproj", "{5C80CB74-A4AF-4D6D-9274-9608E7BADD75}"
EndProject
Global
	GlobalSection(SolutionConfigurationPlatforms) = preSolution
		Debug|Any CPU = Debug|Any CPU
		Debug|x64 = Debug|x64
		Debug|x86 = Debug|x86
		Release|Any CPU = Release|Any CPU
		Release|x64 = Release|x64
		Release|x86 = Release|x86
	EndGlobalSection
	GlobalSection(ProjectConfigurationPlatforms) = postSolution
		{8BB0574D-B9D2-47F6-8DA8-3292F152EF42}.Debug|Any CPU.ActiveCfg = Debug|Any CPU
		{8BB0574D-B9D2-47F6-8DA8-3292F152EF42}.Debug|Any CPU.Build.0 = Debug|Any CPU
		{8BB0574D-B9D2-47F6-8DA8-3292F152EF42}.Debug|x64.ActiveCfg = Debug|Any CPU
		{8BB0574D-B9D2-47F6-8DA8-3292F152EF42}.Debug|x64.Build.0 = Debug|Any CPU
		{8BB0574D-B9D2-47F6-8DA8-3292F152EF42}.Debug|x86.ActiveCfg = Debug|Any CPU
		{8BB0574D-B9D2-47F6-8DA8-3292F152EF42}.Debug|x86.Build.0 = Debug|Any CPU
		{8BB0574D-B9D2-47F6-8DA8-3292F152EF42}.Release|Any CPU.ActiveCfg = Release|Any CPU
		{8BB0574D-B9D2-47F6-8DA8-3292F152EF42}.Release|Any CPU.Build.0 = Release|Any CPU
		{8BB0574D-B9D2-47F6-8DA8-3292F152EF42}.Release|x64.ActiveCfg = Release|Any CPU
		{8BB0574D-B9D2-47F6-8DA8-3292F152EF42}.Release|x64.Build.0 = Release|Any CPU
		{8BB0574D-B9D2-47F6-8DA8-3292F152EF42}.Release|x86.ActiveCfg = Release|Any CPU
		{8BB0574D-B9D2-47F6-8DA8-3292F152EF42}.Release|x86.Build.0 = Release|Any CPU
		{7356B067-2CFB-4405-B2AC-8934265E82B2}.Debug|Any CPU.ActiveCfg = Debug|Any CPU
		{7356B067-2CFB-4405-B2AC-8934265E82B2}.Debug|Any CPU.Build.0 = Debug|Any CPU
		{7356B067-2CFB-4405-B2AC-8934265E82B2}.Debug|x64.ActiveCfg = Debug|Any CPU
		{7356B067-2CFB-4405-B2AC-8934265E82B2}.Debug|x64.Build.0 = Debug|Any CPU
		{7356B067-2CFB-4405-B2AC-8934265E82B2}.Debug|x86.ActiveCfg = Debug|Any CPU
		{7356B067-2CFB-4405-B2AC-8934265E82B2}.Debug|x86.Build.0 = Debug|Any CPU
		{7356B067-2CFB-4405-B2AC-8934265E82B2}.Release|Any CPU.ActiveCfg = Release|Any CPU
		{7356B067-2CFB-4405-B2AC-8934265E82B2}.Release|Any CPU.Build.0 = Release|Any CPU
		{7356B067-2CFB-4405-B2AC-8934265E82B2}.Release|x64.ActiveCfg = Release|Any CPU
		{7356B067-2CFB-4405-B2AC-8934265E82B2}.Release|x64.Build.0 = Release|Any CPU
		{7356B067-2CFB-4405-B2AC-8934265E82B2}.Release|x86.ActiveCfg = Release|Any CPU
		{7356B067-2CFB-4405-B2AC-8934265E82B2}.Release|x86.Build.0 = Release|Any CPU
		{5C80CB74-A4AF-4D6D-9274-9608E7BADD75}.Debug|Any CPU.ActiveCfg = Debug|Any CPU
		{5C80CB74-A4AF-4D6D-9274-9608E7BADD75}.Debug|Any CPU.Build.0 = Debug|Any CPU
		{5C80CB74-A4AF-4D6D-9274-9608E7BADD75}.Debug|x64.ActiveCfg = Debug|Any CPU
		{5C80CB74-A4AF-4D6D-9274-9608E7BADD75}.Debug|x64.Build.0 = Debug|Any CPU
		{5C80CB74-A4AF-4D6D-9274-9608E7BADD75}.Debug|x86.ActiveCfg = Debug|Any CPU
		{5C80CB74-A4AF-4D6D-9274-9608E7BADD75}.Debug|x86.Build.0 = Debug|Any CPU
		{5C80CB74-A4AF-4D6D-9274-9608E7BADD75}.Release|Any CPU.ActiveCfg = Release|Any CPU
		{5C80CB74-A4AF-4D6D-9274-9608E7BADD75}.Release|Any CPU.Build.0 = Release|Any CPU
		{5C80CB74-A4AF-4D6D-9274-9608E7BADD75}.Release|x64.ActiveCfg = Release|Any CPU
		{5C80CB74-A4AF-4D6D-9274-9608E7BADD75}.Release|x64.Build.0 = Release|Any CPU
		{5C80CB74-A4AF-4D6D-9274-9608E7BADD75}.Release|x86.ActiveCfg = Release|Any CPU
		{5C80CB74-A4AF-4D6D-9274-9608E7BADD75}.Release|x86.Build.0 = Release|Any CPU
	EndGlobalSection
	GlobalSection(SolutionProperties) = preSolution
		HideSolutionNode = FALSE
	EndGlobalSection
EndGlobal
